
Microsoft Visual Studio Solution File, Format Version 12.00
# Visual Studio Version 16
VisualStudioVersion = 16.0.30128.74
MinimumVisualStudioVersion = 10.0.40219.1
Project("{FAE04EC0-301F-11D3-BF4B-00C04F79EFBC}") = "Entry Logger", "Entry Logger\Entry Logger.csproj", "{088C3535-83D2-43F3-BC52-C97C09B7856A}"
EndProject
Global
	GlobalSection(SolutionConfigurationPlatforms) = preSolution
		Debug|Any CPU = Debug|Any CPU
		Release|Any CPU = Release|Any CPU
	EndGlobalSection
	GlobalSection(ProjectConfigurationPlatforms) = postSolution
		{088C3535-83D2-43F3-BC52-C97C09B7856A}.Debug|Any CPU.ActiveCfg = Debug|Any CPU
		{088C3535-83D2-43F3-BC52-C97C09B7856A}.Debug|Any CPU.Build.0 = Debug|Any CPU
		{088C3535-83D2-43F3-BC52-C97C09B7856A}.Release|Any CPU.ActiveCfg = Release|Any CPU
		{088C3535-83D2-43F3-BC52-C97C09B7856A}.Release|Any CPU.Build.0 = Release|Any CPU
	EndGlobalSection
	GlobalSection(SolutionProperties) = preSolution
		HideSolutionNode = FALSE
	EndGlobalSection
	GlobalSection(ExtensibilityGlobals) = postSolution
		SolutionGuid = {448E4B39-CCB2-4D3F-99A5-BBC4B6D9E50C}
	EndGlobalSection
EndGlobal
